<?xml version="1.0" encoding="UTF-8"?>
<CodeBlocks_project_file>
	<FileVersion major="1" minor="6"/>
	<Project>
		<Option title="flairgcs"/>
		<Option makefile_is_custom="1"/>
		<Option compiler="gcc"/>
		<Option virtualFolders="CMake Files\;CMake Files\..\;CMake Files\..\..\;CMake Files\..\..\..\;CMake Files\..\..\..\..\;CMake Files\..\..\..\..\..\;CMake Files\..\..\..\..\..\..\;CMake Files\..\..\..\..\..\..\opt\;CMake Files\..\..\..\..\..\..\opt\robomap3\;CMake Files\..\..\..\..\..\..\opt\robomap3\1.7.3\;CMake Files\..\..\..\..\..\..\opt\robomap3\1.7.3\core2-64\;CMake Files\..\..\..\flair-dev\;CMake Files\..\..\..\flair-dev\cmake-modules\;CMake Files\src\;"/>
		<Build>
			<Target title="all">
				<Option working_dir="/home/rafik/flair/flair-src/tools/FlairGCS/build"/>
				<Option type="4"/>
				<MakeCommands>
					<Build command="/usr/bin/make -j4 -f &quot;/home/rafik/flair/flair-src/tools/FlairGCS/build/Makefile&quot;  VERBOSE=1 all"/>
					<CompileFile command="/usr/bin/make -j4 -f &quot;/home/rafik/flair/flair-src/tools/FlairGCS/build/Makefile&quot;  VERBOSE=1 &quot;$file&quot;"/>
					<Clean command="/usr/bin/make -j4 -f &quot;/home/rafik/flair/flair-src/tools/FlairGCS/build/Makefile&quot;  VERBOSE=1 clean"/>
					<DistClean command="/usr/bin/make -j4 -f &quot;/home/rafik/flair/flair-src/tools/FlairGCS/build/Makefile&quot;  VERBOSE=1 clean"/>
				</MakeCommands>
			</Target>
			<Target title="install">
				<Option working_dir="/home/rafik/flair/flair-src/tools/FlairGCS/build"/>
				<Option type="4"/>
				<MakeCommands>
					<Build command="/usr/bin/make -j4 -f &quot;/home/rafik/flair/flair-src/tools/FlairGCS/build/Makefile&quot;  VERBOSE=1 install"/>
					<CompileFile command="/usr/bin/make -j4 -f &quot;/home/rafik/flair/flair-src/tools/FlairGCS/build/Makefile&quot;  VERBOSE=1 &quot;$file&quot;"/>
					<Clean command="/usr/bin/make -j4 -f &quot;/home/rafik/flair/flair-src/tools/FlairGCS/build/Makefile&quot;  VERBOSE=1 clean"/>
					<DistClean command="/usr/bin/make -j4 -f &quot;/home/rafik/flair/flair-src/tools/FlairGCS/build/Makefile&quot;  VERBOSE=1 clean"/>
				</MakeCommands>
			</Target>
			<Target title="list_install_components">
				<Option working_dir="/home/rafik/flair/flair-src/tools/FlairGCS/build"/>
				<Option type="4"/>
				<MakeCommands>
					<Build command="/usr/bin/make -j4 -f &quot;/home/rafik/flair/flair-src/tools/FlairGCS/build/Makefile&quot;  VERBOSE=1 list_install_components"/>
					<CompileFile command="/usr/bin/make -j4 -f &quot;/home/rafik/flair/flair-src/tools/FlairGCS/build/Makefile&quot;  VERBOSE=1 &quot;$file&quot;"/>
					<Clean command="/usr/bin/make -j4 -f &quot;/home/rafik/flair/flair-src/tools/FlairGCS/build/Makefile&quot;  VERBOSE=1 clean"/>
					<DistClean command="/usr/bin/make -j4 -f &quot;/home/rafik/flair/flair-src/tools/FlairGCS/build/Makefile&quot;  VERBOSE=1 clean"/>
				</MakeCommands>
			</Target>
			<Target title="rebuild_cache">
				<Option working_dir="/home/rafik/flair/flair-src/tools/FlairGCS/build"/>
				<Option type="4"/>
				<MakeCommands>
					<Build command="/usr/bin/make -j4 -f &quot;/home/rafik/flair/flair-src/tools/FlairGCS/build/Makefile&quot;  VERBOSE=1 rebuild_cache"/>
					<CompileFile command="/usr/bin/make -j4 -f &quot;/home/rafik/flair/flair-src/tools/FlairGCS/build/Makefile&quot;  VERBOSE=1 &quot;$file&quot;"/>
					<Clean command="/usr/bin/make -j4 -f &quot;/home/rafik/flair/flair-src/tools/FlairGCS/build/Makefile&quot;  VERBOSE=1 clean"/>
					<DistClean command="/usr/bin/make -j4 -f &quot;/home/rafik/flair/flair-src/tools/FlairGCS/build/Makefile&quot;  VERBOSE=1 clean"/>
				</MakeCommands>
			</Target>
			<Target title="edit_cache">
				<Option working_dir="/home/rafik/flair/flair-src/tools/FlairGCS/build"/>
				<Option type="4"/>
				<MakeCommands>
					<Build command="/usr/bin/make -j4 -f &quot;/home/rafik/flair/flair-src/tools/FlairGCS/build/Makefile&quot;  VERBOSE=1 edit_cache"/>
					<CompileFile command="/usr/bin/make -j4 -f &quot;/home/rafik/flair/flair-src/tools/FlairGCS/build/Makefile&quot;  VERBOSE=1 &quot;$file&quot;"/>
					<Clean command="/usr/bin/make -j4 -f &quot;/home/rafik/flair/flair-src/tools/FlairGCS/build/Makefile&quot;  VERBOSE=1 clean"/>
					<DistClean command="/usr/bin/make -j4 -f &quot;/home/rafik/flair/flair-src/tools/FlairGCS/build/Makefile&quot;  VERBOSE=1 clean"/>
				</MakeCommands>
			</Target>
			<Target title="install/local">
				<Option working_dir="/home/rafik/flair/flair-src/tools/FlairGCS/build"/>
				<Option type="4"/>
				<MakeCommands>
					<Build command="/usr/bin/make -j4 -f &quot;/home/rafik/flair/flair-src/tools/FlairGCS/build/Makefile&quot;  VERBOSE=1 install/local"/>
					<CompileFile command="/usr/bin/make -j4 -f &quot;/home/rafik/flair/flair-src/tools/FlairGCS/build/Makefile&quot;  VERBOSE=1 &quot;$file&quot;"/>
					<Clean command="/usr/bin/make -j4 -f &quot;/home/rafik/flair/flair-src/tools/FlairGCS/build/Makefile&quot;  VERBOSE=1 clean"/>
					<DistClean command="/usr/bin/make -j4 -f &quot;/home/rafik/flair/flair-src/tools/FlairGCS/build/Makefile&quot;  VERBOSE=1 clean"/>
				</MakeCommands>
			</Target>
			<Target title="compile_info">
				<Option working_dir="/home/rafik/flair/flair-src/tools/FlairGCS/build"/>
				<Option type="4"/>
				<MakeCommands>
					<Build command="/usr/bin/make -j4 -f &quot;/home/rafik/flair/flair-src/tools/FlairGCS/build/Makefile&quot;  VERBOSE=1 compile_info"/>
					<CompileFile command="/usr/bin/make -j4 -f &quot;/home/rafik/flair/flair-src/tools/FlairGCS/build/Makefile&quot;  VERBOSE=1 &quot;$file&quot;"/>
					<Clean command="/usr/bin/make -j4 -f &quot;/home/rafik/flair/flair-src/tools/FlairGCS/build/Makefile&quot;  VERBOSE=1 clean"/>
					<DistClean command="/usr/bin/make -j4 -f &quot;/home/rafik/flair/flair-src/tools/FlairGCS/build/Makefile&quot;  VERBOSE=1 clean"/>
				</MakeCommands>
			</Target>
			<Target title="flairgcs">
				<Option output="/home/rafik/flair/flair-src/tools/FlairGCS/build/bin/flairgcs" prefix_auto="0" extension_auto="0"/>
				<Option working_dir="/home/rafik/flair/flair-src/tools/FlairGCS/build/bin"/>
				<Option object_output="./"/>
				<Option type="1"/>
				<Option compiler="gcc"/>
				<Compiler>
					<Add option="-DQT_NO_DEBUG"/>
					<Add option="-DQT_GUI_LIB"/>
					<Add option="-DQT_XML_LIB"/>
					<Add option="-DQT_NETWORK_LIB"/>
					<Add option="-DQT_CORE_LIB"/>
					<Add option="-DQT_THREAD_SUPPORT"/>
					<Add directory="/opt/robomap3/1.7.3/core2-64/sysroots/core2-64-poky-linux/usr/include/qt4"/>
					<Add directory="/opt/robomap3/1.7.3/core2-64/sysroots/core2-64-poky-linux/usr/include/qt4/QtGui"/>
					<Add directory="/opt/robomap3/1.7.3/core2-64/sysroots/core2-64-poky-linux/usr/include/qt4/QtXml"/>
					<Add directory="/opt/robomap3/1.7.3/core2-64/sysroots/core2-64-poky-linux/usr/include/qt4/QtNetwork"/>
					<Add directory="/opt/robomap3/1.7.3/core2-64/sysroots/core2-64-poky-linux/usr/include/qt4/QtCore"/>
					<Add directory="/home/rafik/flair/flair-src/tools/FlairGCS/src"/>
					<Add directory="/home/rafik/flair/flair-src/tools/FlairGCS/../../lib/FlairCore/src/unexported"/>
					<Add directory="/opt/robomap3/1.7.3/core2-64/sysroots/core2-64-poky-linux/usr/include/udt"/>
					<Add directory="/opt/robomap3/1.7.3/core2-64/sysroots/core2-64-poky-linux/usr/include/qwt"/>
					<Add directory="/opt/robomap3/1.7.3/core2-64/sysroots/core2-64-poky-linux/usr/include/QwtDataViewer"/>
					<Add directory="/opt/robomap3/1.7.3/core2-64/sysroots/core2-64-poky-linux/usr/include/qt4/QtMobility"/>
					<Add directory="/opt/robomap3/1.7.3/core2-64/sysroots/core2-64-poky-linux/usr/include/qt4/QtLocation"/>
					<Add directory="/opt/robomap3/1.7.3/core2-64/sysroots/core2-64-poky-linux/usr/include/c++/4.9.1"/>
					<Add directory="/opt/robomap3/1.7.3/core2-64/sysroots/core2-64-poky-linux/usr/include/c++/4.9.1/x86_64-poky-linux"/>
					<Add directory="/opt/robomap3/1.7.3/core2-64/sysroots/core2-64-poky-linux/usr/include/c++/4.9.1/backward"/>
					<Add directory="/opt/robomap3/1.7.3/core2-64/sysroots/x86_64-pokysdk-linux/usr/lib/x86_64-poky-linux/gcc/x86_64-poky-linux/4.9.1/include"/>
					<Add directory="/opt/robomap3/1.7.3/core2-64/sysroots/x86_64-pokysdk-linux/usr/lib/x86_64-poky-linux/gcc/x86_64-poky-linux/4.9.1/include-fixed"/>
					<Add directory="/opt/robomap3/1.7.3/core2-64/sysroots/core2-64-poky-linux/usr/include"/>
				</Compiler>
				<MakeCommands>
					<Build command="/usr/bin/make -j4 -f &quot;/home/rafik/flair/flair-src/tools/FlairGCS/build/Makefile&quot;  VERBOSE=1 flairgcs"/>
					<CompileFile command="/usr/bin/make -j4 -f &quot;/home/rafik/flair/flair-src/tools/FlairGCS/build/Makefile&quot;  VERBOSE=1 &quot;$file&quot;"/>
					<Clean command="/usr/bin/make -j4 -f &quot;/home/rafik/flair/flair-src/tools/FlairGCS/build/Makefile&quot;  VERBOSE=1 clean"/>
					<DistClean command="/usr/bin/make -j4 -f &quot;/home/rafik/flair/flair-src/tools/FlairGCS/build/Makefile&quot;  VERBOSE=1 clean"/>
				</MakeCommands>
			</Target>
			<Target title="flairgcs/fast">
				<Option output="/home/rafik/flair/flair-src/tools/FlairGCS/build/bin/flairgcs" prefix_auto="0" extension_auto="0"/>
				<Option working_dir="/home/rafik/flair/flair-src/tools/FlairGCS/build/bin"/>
				<Option object_output="./"/>
				<Option type="1"/>
				<Option compiler="gcc"/>
				<Compiler>
					<Add option="-DQT_NO_DEBUG"/>
					<Add option="-DQT_GUI_LIB"/>
					<Add option="-DQT_XML_LIB"/>
					<Add option="-DQT_NETWORK_LIB"/>
					<Add option="-DQT_CORE_LIB"/>
					<Add option="-DQT_THREAD_SUPPORT"/>
					<Add directory="/opt/robomap3/1.7.3/core2-64/sysroots/core2-64-poky-linux/usr/include/qt4"/>
					<Add directory="/opt/robomap3/1.7.3/core2-64/sysroots/core2-64-poky-linux/usr/include/qt4/QtGui"/>
					<Add directory="/opt/robomap3/1.7.3/core2-64/sysroots/core2-64-poky-linux/usr/include/qt4/QtXml"/>
					<Add directory="/opt/robomap3/1.7.3/core2-64/sysroots/core2-64-poky-linux/usr/include/qt4/QtNetwork"/>
					<Add directory="/opt/robomap3/1.7.3/core2-64/sysroots/core2-64-poky-linux/usr/include/qt4/QtCore"/>
					<Add directory="/home/rafik/flair/flair-src/tools/FlairGCS/src"/>
					<Add directory="/home/rafik/flair/flair-src/tools/FlairGCS/../../lib/FlairCore/src/unexported"/>
					<Add directory="/opt/robomap3/1.7.3/core2-64/sysroots/core2-64-poky-linux/usr/include/udt"/>
					<Add directory="/opt/robomap3/1.7.3/core2-64/sysroots/core2-64-poky-linux/usr/include/qwt"/>
					<Add directory="/opt/robomap3/1.7.3/core2-64/sysroots/core2-64-poky-linux/usr/include/QwtDataViewer"/>
					<Add directory="/opt/robomap3/1.7.3/core2-64/sysroots/core2-64-poky-linux/usr/include/qt4/QtMobility"/>
					<Add directory="/opt/robomap3/1.7.3/core2-64/sysroots/core2-64-poky-linux/usr/include/qt4/QtLocation"/>
					<Add directory="/opt/robomap3/1.7.3/core2-64/sysroots/core2-64-poky-linux/usr/include/c++/4.9.1"/>
					<Add directory="/opt/robomap3/1.7.3/core2-64/sysroots/core2-64-poky-linux/usr/include/c++/4.9.1/x86_64-poky-linux"/>
					<Add directory="/opt/robomap3/1.7.3/core2-64/sysroots/core2-64-poky-linux/usr/include/c++/4.9.1/backward"/>
					<Add directory="/opt/robomap3/1.7.3/core2-64/sysroots/x86_64-pokysdk-linux/usr/lib/x86_64-poky-linux/gcc/x86_64-poky-linux/4.9.1/include"/>
					<Add directory="/opt/robomap3/1.7.3/core2-64/sysroots/x86_64-pokysdk-linux/usr/lib/x86_64-poky-linux/gcc/x86_64-poky-linux/4.9.1/include-fixed"/>
					<Add directory="/opt/robomap3/1.7.3/core2-64/sysroots/core2-64-poky-linux/usr/include"/>
				</Compiler>
				<MakeCommands>
					<Build command="/usr/bin/make -j4 -f &quot;/home/rafik/flair/flair-src/tools/FlairGCS/build/Makefile&quot;  VERBOSE=1 flairgcs/fast"/>
					<CompileFile command="/usr/bin/make -j4 -f &quot;/home/rafik/flair/flair-src/tools/FlairGCS/build/Makefile&quot;  VERBOSE=1 &quot;$file&quot;"/>
					<Clean command="/usr/bin/make -j4 -f &quot;/home/rafik/flair/flair-src/tools/FlairGCS/build/Makefile&quot;  VERBOSE=1 clean"/>
					<DistClean command="/usr/bin/make -j4 -f &quot;/home/rafik/flair/flair-src/tools/FlairGCS/build/Makefile&quot;  VERBOSE=1 clean"/>
				</MakeCommands>
			</Target>
		</Build>
		<Unit filename="/home/rafik/flair/flair-src/tools/FlairGCS/build/qrc_ressources.cxx">
			<Option target="flairgcs"/>
		</Unit>
		<Unit filename="/home/rafik/flair/flair-src/tools/FlairGCS/build/src/moc_CheckBox.cxx">
			<Option target="flairgcs"/>
		</Unit>
		<Unit filename="/home/rafik/flair/flair-src/tools/FlairGCS/build/src/moc_CheckBox.cxx.rule">
			<Option target="flairgcs"/>
		</Unit>
		<Unit filename="/home/rafik/flair/flair-src/tools/FlairGCS/build/src/moc_ComboBox.cxx">
			<Option target="flairgcs"/>
		</Unit>
		<Unit filename="/home/rafik/flair/flair-src/tools/FlairGCS/build/src/moc_ComboBox.cxx.rule">
			<Option target="flairgcs"/>
		</Unit>
		<Unit filename="/home/rafik/flair/flair-src/tools/FlairGCS/build/src/moc_ConnectionLayout.cxx">
			<Option target="flairgcs"/>
		</Unit>
		<Unit filename="/home/rafik/flair/flair-src/tools/FlairGCS/build/src/moc_ConnectionLayout.cxx.rule">
			<Option target="flairgcs"/>
		</Unit>
		<Unit filename="/home/rafik/flair/flair-src/tools/FlairGCS/build/src/moc_DataPlot2D.cxx">
			<Option target="flairgcs"/>
		</Unit>
		<Unit filename="/home/rafik/flair/flair-src/tools/FlairGCS/build/src/moc_DataPlot2D.cxx.rule">
			<Option target="flairgcs"/>
		</Unit>
		<Unit filename="/home/rafik/flair/flair-src/tools/FlairGCS/build/src/moc_DoubleSpinBox.cxx">
			<Option target="flairgcs"/>
		</Unit>
		<Unit filename="/home/rafik/flair/flair-src/tools/FlairGCS/build/src/moc_DoubleSpinBox.cxx.rule">
			<Option target="flairgcs"/>
		</Unit>
		<Unit filename="/home/rafik/flair/flair-src/tools/FlairGCS/build/src/moc_ListWidget.cxx">
			<Option target="flairgcs"/>
		</Unit>
		<Unit filename="/home/rafik/flair/flair-src/tools/FlairGCS/build/src/moc_ListWidget.cxx.rule">
			<Option target="flairgcs"/>
		</Unit>
		<Unit filename="/home/rafik/flair/flair-src/tools/FlairGCS/build/src/moc_Manager.cxx">
			<Option target="flairgcs"/>
		</Unit>
		<Unit filename="/home/rafik/flair/flair-src/tools/FlairGCS/build/src/moc_Manager.cxx.rule">
			<Option target="flairgcs"/>
		</Unit>
		<Unit filename="/home/rafik/flair/flair-src/tools/FlairGCS/build/src/moc_Map.cxx">
			<Option target="flairgcs"/>
		</Unit>
		<Unit filename="/home/rafik/flair/flair-src/tools/FlairGCS/build/src/moc_Map.cxx.rule">
			<Option target="flairgcs"/>
		</Unit>
		<Unit filename="/home/rafik/flair/flair-src/tools/FlairGCS/build/src/moc_Picture.cxx">
			<Option target="flairgcs"/>
		</Unit>
		<Unit filename="/home/rafik/flair/flair-src/tools/FlairGCS/build/src/moc_Picture.cxx.rule">
			<Option target="flairgcs"/>
		</Unit>
		<Unit filename="/home/rafik/flair/flair-src/tools/FlairGCS/build/src/moc_PushButton.cxx">
			<Option target="flairgcs"/>
		</Unit>
		<Unit filename="/home/rafik/flair/flair-src/tools/FlairGCS/build/src/moc_PushButton.cxx.rule">
			<Option target="flairgcs"/>
		</Unit>
		<Unit filename="/home/rafik/flair/flair-src/tools/FlairGCS/build/src/moc_RangeFinderPlot.cxx">
			<Option target="flairgcs"/>
		</Unit>
		<Unit filename="/home/rafik/flair/flair-src/tools/FlairGCS/build/src/moc_RangeFinderPlot.cxx.rule">
			<Option target="flairgcs"/>
		</Unit>
		<Unit filename="/home/rafik/flair/flair-src/tools/FlairGCS/build/src/moc_SpinBox.cxx">
			<Option target="flairgcs"/>
		</Unit>
		<Unit filename="/home/rafik/flair/flair-src/tools/FlairGCS/build/src/moc_SpinBox.cxx.rule">
			<Option target="flairgcs"/>
		</Unit>
		<Unit filename="/home/rafik/flair/flair-src/tools/FlairGCS/build/src/moc_UdtSocket.cxx">
			<Option target="flairgcs"/>
		</Unit>
		<Unit filename="/home/rafik/flair/flair-src/tools/FlairGCS/build/src/moc_UdtSocket.cxx.rule">
			<Option target="flairgcs"/>
		</Unit>
		<Unit filename="/home/rafik/flair/flair-src/tools/FlairGCS/build/src/moc_Vector3DSpinBox.cxx">
			<Option target="flairgcs"/>
		</Unit>
		<Unit filename="/home/rafik/flair/flair-src/tools/FlairGCS/build/src/moc_Vector3DSpinBox.cxx.rule">
			<Option target="flairgcs"/>
		</Unit>
		<Unit filename="/home/rafik/flair/flair-src/tools/FlairGCS/build/src/moc_XmlWidget.cxx">
			<Option target="flairgcs"/>
		</Unit>
		<Unit filename="/home/rafik/flair/flair-src/tools/FlairGCS/build/src/moc_XmlWidget.cxx.rule">
			<Option target="flairgcs"/>
		</Unit>
		<Unit filename="/home/rafik/flair/flair-src/tools/FlairGCS/build/src/moc_file_ui.cxx">
			<Option target="flairgcs"/>
		</Unit>
		<Unit filename="/home/rafik/flair/flair-src/tools/FlairGCS/build/src/moc_file_ui.cxx.rule">
			<Option target="flairgcs"/>
		</Unit>
		<Unit filename="/home/rafik/flair/flair-src/tools/FlairGCS/build/src/moc_mapwidget.cxx">
			<Option target="flairgcs"/>
		</Unit>
		<Unit filename="/home/rafik/flair/flair-src/tools/FlairGCS/build/src/moc_mapwidget.cxx.rule">
			<Option target="flairgcs"/>
		</Unit>
		<Unit filename="/home/rafik/flair/flair-src/tools/FlairGCS/src/CheckBox.cpp">
			<Option target="flairgcs"/>
		</Unit>
		<Unit filename="/home/rafik/flair/flair-src/tools/FlairGCS/src/CheckBox.h">
			<Option target="flairgcs"/>
		</Unit>
		<Unit filename="/home/rafik/flair/flair-src/tools/FlairGCS/src/ComboBox.cpp">
			<Option target="flairgcs"/>
		</Unit>
		<Unit filename="/home/rafik/flair/flair-src/tools/FlairGCS/src/ComboBox.h">
			<Option target="flairgcs"/>
		</Unit>
		<Unit filename="/home/rafik/flair/flair-src/tools/FlairGCS/src/ConnectionLayout.cpp">
			<Option target="flairgcs"/>
		</Unit>
		<Unit filename="/home/rafik/flair/flair-src/tools/FlairGCS/src/ConnectionLayout.h">
			<Option target="flairgcs"/>
		</Unit>
		<Unit filename="/home/rafik/flair/flair-src/tools/FlairGCS/src/DataPlot1D.cpp">
			<Option target="flairgcs"/>
		</Unit>
		<Unit filename="/home/rafik/flair/flair-src/tools/FlairGCS/src/DataPlot1D.h">
			<Option target="flairgcs"/>
		</Unit>
		<Unit filename="/home/rafik/flair/flair-src/tools/FlairGCS/src/DataPlot2D.cpp">
			<Option target="flairgcs"/>
		</Unit>
		<Unit filename="/home/rafik/flair/flair-src/tools/FlairGCS/src/DataPlot2D.h">
			<Option target="flairgcs"/>
		</Unit>
		<Unit filename="/home/rafik/flair/flair-src/tools/FlairGCS/src/DataRemote.cpp">
			<Option target="flairgcs"/>
		</Unit>
		<Unit filename="/home/rafik/flair/flair-src/tools/FlairGCS/src/DataRemote.h">
			<Option target="flairgcs"/>
		</Unit>
		<Unit filename="/home/rafik/flair/flair-src/tools/FlairGCS/src/DoubleSpinBox.cpp">
			<Option target="flairgcs"/>
		</Unit>
		<Unit filename="/home/rafik/flair/flair-src/tools/FlairGCS/src/DoubleSpinBox.h">
			<Option target="flairgcs"/>
		</Unit>
		<Unit filename="/home/rafik/flair/flair-src/tools/FlairGCS/src/FormLayout.cpp">
			<Option target="flairgcs"/>
		</Unit>
		<Unit filename="/home/rafik/flair/flair-src/tools/FlairGCS/src/FormLayout.h">
			<Option target="flairgcs"/>
		</Unit>
		<Unit filename="/home/rafik/flair/flair-src/tools/FlairGCS/src/GridLayout.cpp">
			<Option target="flairgcs"/>
		</Unit>
		<Unit filename="/home/rafik/flair/flair-src/tools/FlairGCS/src/GridLayout.h">
			<Option target="flairgcs"/>
		</Unit>
		<Unit filename="/home/rafik/flair/flair-src/tools/FlairGCS/src/GroupBox.cpp">
			<Option target="flairgcs"/>
		</Unit>
		<Unit filename="/home/rafik/flair/flair-src/tools/FlairGCS/src/GroupBox.h">
			<Option target="flairgcs"/>
		</Unit>
		<Unit filename="/home/rafik/flair/flair-src/tools/FlairGCS/src/Label.cpp">
			<Option target="flairgcs"/>
		</Unit>
		<Unit filename="/home/rafik/flair/flair-src/tools/FlairGCS/src/Label.h">
			<Option target="flairgcs"/>
		</Unit>
		<Unit filename="/home/rafik/flair/flair-src/tools/FlairGCS/src/Landmark.cpp">
			<Option target="flairgcs"/>
		</Unit>
		<Unit filename="/home/rafik/flair/flair-src/tools/FlairGCS/src/Landmark.h">
			<Option target="flairgcs"/>
		</Unit>
		<Unit filename="/home/rafik/flair/flair-src/tools/FlairGCS/src/Layout.cpp">
			<Option target="flairgcs"/>
		</Unit>
		<Unit filename="/home/rafik/flair/flair-src/tools/FlairGCS/src/Layout.h">
			<Option target="flairgcs"/>
		</Unit>
		<Unit filename="/home/rafik/flair/flair-src/tools/FlairGCS/src/ListWidget.cpp">
			<Option target="flairgcs"/>
		</Unit>
		<Unit filename="/home/rafik/flair/flair-src/tools/FlairGCS/src/ListWidget.h">
			<Option target="flairgcs"/>
		</Unit>
		<Unit filename="/home/rafik/flair/flair-src/tools/FlairGCS/src/Manager.cpp">
			<Option target="flairgcs"/>
		</Unit>
		<Unit filename="/home/rafik/flair/flair-src/tools/FlairGCS/src/Manager.h">
			<Option target="flairgcs"/>
		</Unit>
		<Unit filename="/home/rafik/flair/flair-src/tools/FlairGCS/src/Map.cpp">
			<Option target="flairgcs"/>
		</Unit>
		<Unit filename="/home/rafik/flair/flair-src/tools/FlairGCS/src/Map.h">
			<Option target="flairgcs"/>
		</Unit>
		<Unit filename="/home/rafik/flair/flair-src/tools/FlairGCS/src/Picture.cpp">
			<Option target="flairgcs"/>
		</Unit>
		<Unit filename="/home/rafik/flair/flair-src/tools/FlairGCS/src/Picture.h">
			<Option target="flairgcs"/>
		</Unit>
		<Unit filename="/home/rafik/flair/flair-src/tools/FlairGCS/src/PushButton.cpp">
			<Option target="flairgcs"/>
		</Unit>
		<Unit filename="/home/rafik/flair/flair-src/tools/FlairGCS/src/PushButton.h">
			<Option target="flairgcs"/>
		</Unit>
		<Unit filename="/home/rafik/flair/flair-src/tools/FlairGCS/src/RangeFinderPlot.cpp">
			<Option target="flairgcs"/>
		</Unit>
		<Unit filename="/home/rafik/flair/flair-src/tools/FlairGCS/src/RangeFinderPlot.h">
			<Option target="flairgcs"/>
		</Unit>
		<Unit filename="/home/rafik/flair/flair-src/tools/FlairGCS/src/SpinBox.cpp">
			<Option target="flairgcs"/>
		</Unit>
		<Unit filename="/home/rafik/flair/flair-src/tools/FlairGCS/src/SpinBox.h">
			<Option target="flairgcs"/>
		</Unit>
		<Unit filename="/home/rafik/flair/flair-src/tools/FlairGCS/src/Tab.cpp">
			<Option target="flairgcs"/>
		</Unit>
		<Unit filename="/home/rafik/flair/flair-src/tools/FlairGCS/src/Tab.h">
			<Option target="flairgcs"/>
		</Unit>
		<Unit filename="/home/rafik/flair/flair-src/tools/FlairGCS/src/TabWidget.cpp">
			<Option target="flairgcs"/>
		</Unit>
		<Unit filename="/home/rafik/flair/flair-src/tools/FlairGCS/src/TabWidget.h">
			<Option target="flairgcs"/>
		</Unit>
		<Unit filename="/home/rafik/flair/flair-src/tools/FlairGCS/src/TextEdit.cpp">
			<Option target="flairgcs"/>
		</Unit>
		<Unit filename="/home/rafik/flair/flair-src/tools/FlairGCS/src/TextEdit.h">
			<Option target="flairgcs"/>
		</Unit>
		<Unit filename="/home/rafik/flair/flair-src/tools/FlairGCS/src/UdtSocket.cpp">
			<Option target="flairgcs"/>
		</Unit>
		<Unit filename="/home/rafik/flair/flair-src/tools/FlairGCS/src/UdtSocket.h">
			<Option target="flairgcs"/>
		</Unit>
		<Unit filename="/home/rafik/flair/flair-src/tools/FlairGCS/src/Vector3DSpinBox.cpp">
			<Option target="flairgcs"/>
		</Unit>
		<Unit filename="/home/rafik/flair/flair-src/tools/FlairGCS/src/Vector3DSpinBox.h">
			<Option target="flairgcs"/>
		</Unit>
		<Unit filename="/home/rafik/flair/flair-src/tools/FlairGCS/src/XmlWidget.cpp">
			<Option target="flairgcs"/>
		</Unit>
		<Unit filename="/home/rafik/flair/flair-src/tools/FlairGCS/src/XmlWidget.h">
			<Option target="flairgcs"/>
		</Unit>
		<Unit filename="/home/rafik/flair/flair-src/tools/FlairGCS/src/file_ui.cpp">
			<Option target="flairgcs"/>
		</Unit>
		<Unit filename="/home/rafik/flair/flair-src/tools/FlairGCS/src/file_ui.h">
			<Option target="flairgcs"/>
		</Unit>
		<Unit filename="/home/rafik/flair/flair-src/tools/FlairGCS/src/main.cpp">
			<Option target="flairgcs"/>
		</Unit>
		<Unit filename="/home/rafik/flair/flair-src/tools/FlairGCS/src/mapwidget.cpp">
			<Option target="flairgcs"/>
		</Unit>
		<Unit filename="/home/rafik/flair/flair-src/tools/FlairGCS/src/mapwidget.h">
			<Option target="flairgcs"/>
		</Unit>
		<Unit filename="/home/rafik/flair/flair-src/tools/FlairGCS/src/ressources.qrc">
			<Option target="flairgcs"/>
		</Unit>
		<Unit filename="/home/rafik/flair/flair-src/tools/FlairGCS/CMakeLists.txt">
			<Option virtualFolder="CMake Files\"/>
		</Unit>
		<Unit filename="/home/rafik/flair/flair-src/tools/FlairGCS/../../../../../../opt/robomap3/1.7.3/core2-64/toolchain.cmake">
			<Option virtualFolder="CMake Files\..\..\..\..\..\..\opt\robomap3\1.7.3\core2-64\"/>
		</Unit>
		<Unit filename="/home/rafik/flair/flair-src/tools/FlairGCS/../../../../../../opt/robomap3/1.7.3/core2-64/toolchain.cmake">
			<Option virtualFolder="CMake Files\..\..\..\..\..\..\opt\robomap3\1.7.3\core2-64\"/>
		</Unit>
		<Unit filename="/home/rafik/flair/flair-src/tools/FlairGCS/../../../flair-dev/cmake-modules/GlobalCmakeFlair.cmake">
			<Option virtualFolder="CMake Files\..\..\..\flair-dev\cmake-modules\"/>
		</Unit>
		<Unit filename="/home/rafik/flair/flair-src/tools/FlairGCS/../../../flair-dev/cmake-modules/ColoredMessage.cmake">
			<Option virtualFolder="CMake Files\..\..\..\flair-dev\cmake-modules\"/>
		</Unit>
		<Unit filename="/home/rafik/flair/flair-src/tools/FlairGCS/../../../flair-dev/cmake-modules/ArchDir.cmake">
			<Option virtualFolder="CMake Files\..\..\..\flair-dev\cmake-modules\"/>
		</Unit>
		<Unit filename="/home/rafik/flair/flair-src/tools/FlairGCS/src/ressources.qrc">
			<Option virtualFolder="CMake Files\src\"/>
		</Unit>
	</Project>
</CodeBlocks_project_file>
