<?xml version="1.0" encoding="UTF-8"?>
<CodeBlocks_project_file>
	<FileVersion major="1" minor="6"/>
	<Project>
		<Option title="SquareFollower"/>
		<Option makefile_is_custom="1"/>
		<Option compiler="gcc"/>
		<Option virtualFolders="CMake Files\;CMake Files\..\;CMake Files\..\..\;CMake Files\..\..\..\;CMake Files\..\..\..\..\;CMake Files\..\..\..\..\..\;CMake Files\..\..\..\..\..\..\;CMake Files\..\..\..\..\..\..\..\;CMake Files\..\..\..\..\..\..\..\opt\;CMake Files\..\..\..\..\..\..\..\opt\robomap3\;CMake Files\..\..\..\..\..\..\..\opt\robomap3\1.7.3\;CMake Files\..\..\..\..\..\..\..\opt\robomap3\1.7.3\core2-64\;CMake Files\..\..\..\..\flair-dev\;CMake Files\..\..\..\..\flair-dev\cmake-modules\;"/>
		<Build>
			<Target title="all">
				<Option working_dir="/home/rafik/flair/flair-src/demos/SquareFollower/uav/build"/>
				<Option type="4"/>
				<MakeCommands>
					<Build command="/usr/bin/make -j4 -f &quot;/home/rafik/flair/flair-src/demos/SquareFollower/uav/build/Makefile&quot;  VERBOSE=1 all"/>
					<CompileFile command="/usr/bin/make -j4 -f &quot;/home/rafik/flair/flair-src/demos/SquareFollower/uav/build/Makefile&quot;  VERBOSE=1 &quot;$file&quot;"/>
					<Clean command="/usr/bin/make -j4 -f &quot;/home/rafik/flair/flair-src/demos/SquareFollower/uav/build/Makefile&quot;  VERBOSE=1 clean"/>
					<DistClean command="/usr/bin/make -j4 -f &quot;/home/rafik/flair/flair-src/demos/SquareFollower/uav/build/Makefile&quot;  VERBOSE=1 clean"/>
				</MakeCommands>
			</Target>
			<Target title="rebuild_cache">
				<Option working_dir="/home/rafik/flair/flair-src/demos/SquareFollower/uav/build"/>
				<Option type="4"/>
				<MakeCommands>
					<Build command="/usr/bin/make -j4 -f &quot;/home/rafik/flair/flair-src/demos/SquareFollower/uav/build/Makefile&quot;  VERBOSE=1 rebuild_cache"/>
					<CompileFile command="/usr/bin/make -j4 -f &quot;/home/rafik/flair/flair-src/demos/SquareFollower/uav/build/Makefile&quot;  VERBOSE=1 &quot;$file&quot;"/>
					<Clean command="/usr/bin/make -j4 -f &quot;/home/rafik/flair/flair-src/demos/SquareFollower/uav/build/Makefile&quot;  VERBOSE=1 clean"/>
					<DistClean command="/usr/bin/make -j4 -f &quot;/home/rafik/flair/flair-src/demos/SquareFollower/uav/build/Makefile&quot;  VERBOSE=1 clean"/>
				</MakeCommands>
			</Target>
			<Target title="edit_cache">
				<Option working_dir="/home/rafik/flair/flair-src/demos/SquareFollower/uav/build"/>
				<Option type="4"/>
				<MakeCommands>
					<Build command="/usr/bin/make -j4 -f &quot;/home/rafik/flair/flair-src/demos/SquareFollower/uav/build/Makefile&quot;  VERBOSE=1 edit_cache"/>
					<CompileFile command="/usr/bin/make -j4 -f &quot;/home/rafik/flair/flair-src/demos/SquareFollower/uav/build/Makefile&quot;  VERBOSE=1 &quot;$file&quot;"/>
					<Clean command="/usr/bin/make -j4 -f &quot;/home/rafik/flair/flair-src/demos/SquareFollower/uav/build/Makefile&quot;  VERBOSE=1 clean"/>
					<DistClean command="/usr/bin/make -j4 -f &quot;/home/rafik/flair/flair-src/demos/SquareFollower/uav/build/Makefile&quot;  VERBOSE=1 clean"/>
				</MakeCommands>
			</Target>
			<Target title="SquareFollower_nrt">
				<Option output="/home/rafik/flair/flair-src/demos/SquareFollower/uav/build/bin/SquareFollower_nrt" prefix_auto="0" extension_auto="0"/>
				<Option working_dir="/home/rafik/flair/flair-src/demos/SquareFollower/uav/build/bin"/>
				<Option object_output="./"/>
				<Option type="1"/>
				<Option compiler="gcc"/>
				<Compiler>
					<Add directory="/opt/robomap3/1.7.3/core2-64/sysroots/core2-64-poky-linux/usr/include/libxml2"/>
					<Add directory="/opt/robomap3/1.7.3/core2-64/sysroots/core2-64-poky-linux/usr/include/opencv"/>
					<Add directory="/home/rafik/flair/flair-dev/include/FlairCore"/>
					<Add directory="/home/rafik/flair/flair-dev/include/FlairSensorActuator"/>
					<Add directory="/home/rafik/flair/flair-dev/include/FlairFilter"/>
					<Add directory="/home/rafik/flair/flair-dev/include/FlairMeta"/>
					<Add directory="/opt/robomap3/1.7.3/core2-64/sysroots/core2-64-poky-linux/usr/include/c++/4.9.1"/>
					<Add directory="/opt/robomap3/1.7.3/core2-64/sysroots/core2-64-poky-linux/usr/include/c++/4.9.1/x86_64-poky-linux"/>
					<Add directory="/opt/robomap3/1.7.3/core2-64/sysroots/core2-64-poky-linux/usr/include/c++/4.9.1/backward"/>
					<Add directory="/opt/robomap3/1.7.3/core2-64/sysroots/x86_64-pokysdk-linux/usr/lib/x86_64-poky-linux/gcc/x86_64-poky-linux/4.9.1/include"/>
					<Add directory="/opt/robomap3/1.7.3/core2-64/sysroots/x86_64-pokysdk-linux/usr/lib/x86_64-poky-linux/gcc/x86_64-poky-linux/4.9.1/include-fixed"/>
					<Add directory="/opt/robomap3/1.7.3/core2-64/sysroots/core2-64-poky-linux/usr/include"/>
				</Compiler>
				<MakeCommands>
					<Build command="/usr/bin/make -j4 -f &quot;/home/rafik/flair/flair-src/demos/SquareFollower/uav/build/Makefile&quot;  VERBOSE=1 SquareFollower_nrt"/>
					<CompileFile command="/usr/bin/make -j4 -f &quot;/home/rafik/flair/flair-src/demos/SquareFollower/uav/build/Makefile&quot;  VERBOSE=1 &quot;$file&quot;"/>
					<Clean command="/usr/bin/make -j4 -f &quot;/home/rafik/flair/flair-src/demos/SquareFollower/uav/build/Makefile&quot;  VERBOSE=1 clean"/>
					<DistClean command="/usr/bin/make -j4 -f &quot;/home/rafik/flair/flair-src/demos/SquareFollower/uav/build/Makefile&quot;  VERBOSE=1 clean"/>
				</MakeCommands>
			</Target>
			<Target title="SquareFollower_nrt/fast">
				<Option output="/home/rafik/flair/flair-src/demos/SquareFollower/uav/build/bin/SquareFollower_nrt" prefix_auto="0" extension_auto="0"/>
				<Option working_dir="/home/rafik/flair/flair-src/demos/SquareFollower/uav/build/bin"/>
				<Option object_output="./"/>
				<Option type="1"/>
				<Option compiler="gcc"/>
				<Compiler>
					<Add directory="/opt/robomap3/1.7.3/core2-64/sysroots/core2-64-poky-linux/usr/include/libxml2"/>
					<Add directory="/opt/robomap3/1.7.3/core2-64/sysroots/core2-64-poky-linux/usr/include/opencv"/>
					<Add directory="/home/rafik/flair/flair-dev/include/FlairCore"/>
					<Add directory="/home/rafik/flair/flair-dev/include/FlairSensorActuator"/>
					<Add directory="/home/rafik/flair/flair-dev/include/FlairFilter"/>
					<Add directory="/home/rafik/flair/flair-dev/include/FlairMeta"/>
					<Add directory="/opt/robomap3/1.7.3/core2-64/sysroots/core2-64-poky-linux/usr/include/c++/4.9.1"/>
					<Add directory="/opt/robomap3/1.7.3/core2-64/sysroots/core2-64-poky-linux/usr/include/c++/4.9.1/x86_64-poky-linux"/>
					<Add directory="/opt/robomap3/1.7.3/core2-64/sysroots/core2-64-poky-linux/usr/include/c++/4.9.1/backward"/>
					<Add directory="/opt/robomap3/1.7.3/core2-64/sysroots/x86_64-pokysdk-linux/usr/lib/x86_64-poky-linux/gcc/x86_64-poky-linux/4.9.1/include"/>
					<Add directory="/opt/robomap3/1.7.3/core2-64/sysroots/x86_64-pokysdk-linux/usr/lib/x86_64-poky-linux/gcc/x86_64-poky-linux/4.9.1/include-fixed"/>
					<Add directory="/opt/robomap3/1.7.3/core2-64/sysroots/core2-64-poky-linux/usr/include"/>
				</Compiler>
				<MakeCommands>
					<Build command="/usr/bin/make -j4 -f &quot;/home/rafik/flair/flair-src/demos/SquareFollower/uav/build/Makefile&quot;  VERBOSE=1 SquareFollower_nrt/fast"/>
					<CompileFile command="/usr/bin/make -j4 -f &quot;/home/rafik/flair/flair-src/demos/SquareFollower/uav/build/Makefile&quot;  VERBOSE=1 &quot;$file&quot;"/>
					<Clean command="/usr/bin/make -j4 -f &quot;/home/rafik/flair/flair-src/demos/SquareFollower/uav/build/Makefile&quot;  VERBOSE=1 clean"/>
					<DistClean command="/usr/bin/make -j4 -f &quot;/home/rafik/flair/flair-src/demos/SquareFollower/uav/build/Makefile&quot;  VERBOSE=1 clean"/>
				</MakeCommands>
			</Target>
			<Target title="SquareFollower_rt">
				<Option output="/home/rafik/flair/flair-src/demos/SquareFollower/uav/build/bin/SquareFollower_rt" prefix_auto="0" extension_auto="0"/>
				<Option working_dir="/home/rafik/flair/flair-src/demos/SquareFollower/uav/build/bin"/>
				<Option object_output="./"/>
				<Option type="1"/>
				<Option compiler="gcc"/>
				<Compiler>
					<Add directory="/opt/robomap3/1.7.3/core2-64/sysroots/core2-64-poky-linux/usr/include/libxml2"/>
					<Add directory="/opt/robomap3/1.7.3/core2-64/sysroots/core2-64-poky-linux/usr/include/opencv"/>
					<Add directory="/home/rafik/flair/flair-dev/include/FlairCore"/>
					<Add directory="/home/rafik/flair/flair-dev/include/FlairSensorActuator"/>
					<Add directory="/home/rafik/flair/flair-dev/include/FlairFilter"/>
					<Add directory="/home/rafik/flair/flair-dev/include/FlairMeta"/>
					<Add directory="/opt/robomap3/1.7.3/core2-64/sysroots/core2-64-poky-linux/usr/include/c++/4.9.1"/>
					<Add directory="/opt/robomap3/1.7.3/core2-64/sysroots/core2-64-poky-linux/usr/include/c++/4.9.1/x86_64-poky-linux"/>
					<Add directory="/opt/robomap3/1.7.3/core2-64/sysroots/core2-64-poky-linux/usr/include/c++/4.9.1/backward"/>
					<Add directory="/opt/robomap3/1.7.3/core2-64/sysroots/x86_64-pokysdk-linux/usr/lib/x86_64-poky-linux/gcc/x86_64-poky-linux/4.9.1/include"/>
					<Add directory="/opt/robomap3/1.7.3/core2-64/sysroots/x86_64-pokysdk-linux/usr/lib/x86_64-poky-linux/gcc/x86_64-poky-linux/4.9.1/include-fixed"/>
					<Add directory="/opt/robomap3/1.7.3/core2-64/sysroots/core2-64-poky-linux/usr/include"/>
				</Compiler>
				<MakeCommands>
					<Build command="/usr/bin/make -j4 -f &quot;/home/rafik/flair/flair-src/demos/SquareFollower/uav/build/Makefile&quot;  VERBOSE=1 SquareFollower_rt"/>
					<CompileFile command="/usr/bin/make -j4 -f &quot;/home/rafik/flair/flair-src/demos/SquareFollower/uav/build/Makefile&quot;  VERBOSE=1 &quot;$file&quot;"/>
					<Clean command="/usr/bin/make -j4 -f &quot;/home/rafik/flair/flair-src/demos/SquareFollower/uav/build/Makefile&quot;  VERBOSE=1 clean"/>
					<DistClean command="/usr/bin/make -j4 -f &quot;/home/rafik/flair/flair-src/demos/SquareFollower/uav/build/Makefile&quot;  VERBOSE=1 clean"/>
				</MakeCommands>
			</Target>
			<Target title="SquareFollower_rt/fast">
				<Option output="/home/rafik/flair/flair-src/demos/SquareFollower/uav/build/bin/SquareFollower_rt" prefix_auto="0" extension_auto="0"/>
				<Option working_dir="/home/rafik/flair/flair-src/demos/SquareFollower/uav/build/bin"/>
				<Option object_output="./"/>
				<Option type="1"/>
				<Option compiler="gcc"/>
				<Compiler>
					<Add directory="/opt/robomap3/1.7.3/core2-64/sysroots/core2-64-poky-linux/usr/include/libxml2"/>
					<Add directory="/opt/robomap3/1.7.3/core2-64/sysroots/core2-64-poky-linux/usr/include/opencv"/>
					<Add directory="/home/rafik/flair/flair-dev/include/FlairCore"/>
					<Add directory="/home/rafik/flair/flair-dev/include/FlairSensorActuator"/>
					<Add directory="/home/rafik/flair/flair-dev/include/FlairFilter"/>
					<Add directory="/home/rafik/flair/flair-dev/include/FlairMeta"/>
					<Add directory="/opt/robomap3/1.7.3/core2-64/sysroots/core2-64-poky-linux/usr/include/c++/4.9.1"/>
					<Add directory="/opt/robomap3/1.7.3/core2-64/sysroots/core2-64-poky-linux/usr/include/c++/4.9.1/x86_64-poky-linux"/>
					<Add directory="/opt/robomap3/1.7.3/core2-64/sysroots/core2-64-poky-linux/usr/include/c++/4.9.1/backward"/>
					<Add directory="/opt/robomap3/1.7.3/core2-64/sysroots/x86_64-pokysdk-linux/usr/lib/x86_64-poky-linux/gcc/x86_64-poky-linux/4.9.1/include"/>
					<Add directory="/opt/robomap3/1.7.3/core2-64/sysroots/x86_64-pokysdk-linux/usr/lib/x86_64-poky-linux/gcc/x86_64-poky-linux/4.9.1/include-fixed"/>
					<Add directory="/opt/robomap3/1.7.3/core2-64/sysroots/core2-64-poky-linux/usr/include"/>
				</Compiler>
				<MakeCommands>
					<Build command="/usr/bin/make -j4 -f &quot;/home/rafik/flair/flair-src/demos/SquareFollower/uav/build/Makefile&quot;  VERBOSE=1 SquareFollower_rt/fast"/>
					<CompileFile command="/usr/bin/make -j4 -f &quot;/home/rafik/flair/flair-src/demos/SquareFollower/uav/build/Makefile&quot;  VERBOSE=1 &quot;$file&quot;"/>
					<Clean command="/usr/bin/make -j4 -f &quot;/home/rafik/flair/flair-src/demos/SquareFollower/uav/build/Makefile&quot;  VERBOSE=1 clean"/>
					<DistClean command="/usr/bin/make -j4 -f &quot;/home/rafik/flair/flair-src/demos/SquareFollower/uav/build/Makefile&quot;  VERBOSE=1 clean"/>
				</MakeCommands>
			</Target>
		</Build>
		<Unit filename="/home/rafik/flair/flair-src/demos/SquareFollower/uav/src/SquareFollower.cpp">
			<Option target="SquareFollower_nrt"/>
			<Option target="SquareFollower_rt"/>
		</Unit>
		<Unit filename="/home/rafik/flair/flair-src/demos/SquareFollower/uav/src/SquareFollower.h">
			<Option target="SquareFollower_nrt"/>
			<Option target="SquareFollower_rt"/>
		</Unit>
		<Unit filename="/home/rafik/flair/flair-src/demos/SquareFollower/uav/src/main.cpp">
			<Option target="SquareFollower_nrt"/>
			<Option target="SquareFollower_rt"/>
		</Unit>
		<Unit filename="/home/rafik/flair/flair-src/demos/SquareFollower/uav/CMakeLists.txt">
			<Option virtualFolder="CMake Files\"/>
		</Unit>
		<Unit filename="/home/rafik/flair/flair-src/demos/SquareFollower/uav/../../../../../../../opt/robomap3/1.7.3/core2-64/toolchain.cmake">
			<Option virtualFolder="CMake Files\..\..\..\..\..\..\..\opt\robomap3\1.7.3\core2-64\"/>
		</Unit>
		<Unit filename="/home/rafik/flair/flair-src/demos/SquareFollower/uav/../../../../../../../opt/robomap3/1.7.3/core2-64/toolchain.cmake">
			<Option virtualFolder="CMake Files\..\..\..\..\..\..\..\opt\robomap3\1.7.3\core2-64\"/>
		</Unit>
		<Unit filename="/home/rafik/flair/flair-src/demos/SquareFollower/uav/../../../../flair-dev/cmake-modules/GlobalCmakeFlair.cmake">
			<Option virtualFolder="CMake Files\..\..\..\..\flair-dev\cmake-modules\"/>
		</Unit>
		<Unit filename="/home/rafik/flair/flair-src/demos/SquareFollower/uav/../../../../flair-dev/cmake-modules/ColoredMessage.cmake">
			<Option virtualFolder="CMake Files\..\..\..\..\flair-dev\cmake-modules\"/>
		</Unit>
		<Unit filename="/home/rafik/flair/flair-src/demos/SquareFollower/uav/../../../../flair-dev/cmake-modules/ArchDir.cmake">
			<Option virtualFolder="CMake Files\..\..\..\..\flair-dev\cmake-modules\"/>
		</Unit>
		<Unit filename="/home/rafik/flair/flair-src/demos/SquareFollower/uav/../../../../flair-dev/cmake-modules/FlairUseFile.cmake">
			<Option virtualFolder="CMake Files\..\..\..\..\flair-dev\cmake-modules\"/>
		</Unit>
		<Unit filename="/home/rafik/flair/flair-src/demos/SquareFollower/uav/../../../../flair-dev/cmake-modules/FindXenomai.cmake">
			<Option virtualFolder="CMake Files\..\..\..\..\flair-dev\cmake-modules\"/>
		</Unit>
	</Project>
</CodeBlocks_project_file>
