<?xml version="1.0" encoding="UTF-8"?>
<CodeBlocks_project_file>
	<FileVersion major="1" minor="6"/>
	<Project>
		<Option title="HelloWorld"/>
		<Option makefile_is_custom="1"/>
		<Option compiler="gcc"/>
		<Option virtualFolders="CMake Files\;CMake Files\..\;CMake Files\..\..\;CMake Files\..\..\..\;CMake Files\..\..\..\..\;CMake Files\..\..\..\..\..\;CMake Files\..\..\..\..\..\..\;CMake Files\..\..\..\..\..\..\opt\;CMake Files\..\..\..\..\..\..\opt\robomap3\;CMake Files\..\..\..\..\..\..\opt\robomap3\1.7.3\;CMake Files\..\..\..\..\..\..\opt\robomap3\1.7.3\core2-64\;"/>
		<Build>
			<Target title="all">
				<Option working_dir="/home/rafik/flair/flair-src/demos/HelloWorld/build"/>
				<Option type="4"/>
				<MakeCommands>
					<Build command="/usr/bin/make -j4 -f &quot;/home/rafik/flair/flair-src/demos/HelloWorld/build/Makefile&quot;  VERBOSE=1 all"/>
					<CompileFile command="/usr/bin/make -j4 -f &quot;/home/rafik/flair/flair-src/demos/HelloWorld/build/Makefile&quot;  VERBOSE=1 &quot;$file&quot;"/>
					<Clean command="/usr/bin/make -j4 -f &quot;/home/rafik/flair/flair-src/demos/HelloWorld/build/Makefile&quot;  VERBOSE=1 clean"/>
					<DistClean command="/usr/bin/make -j4 -f &quot;/home/rafik/flair/flair-src/demos/HelloWorld/build/Makefile&quot;  VERBOSE=1 clean"/>
				</MakeCommands>
			</Target>
			<Target title="rebuild_cache">
				<Option working_dir="/home/rafik/flair/flair-src/demos/HelloWorld/build"/>
				<Option type="4"/>
				<MakeCommands>
					<Build command="/usr/bin/make -j4 -f &quot;/home/rafik/flair/flair-src/demos/HelloWorld/build/Makefile&quot;  VERBOSE=1 rebuild_cache"/>
					<CompileFile command="/usr/bin/make -j4 -f &quot;/home/rafik/flair/flair-src/demos/HelloWorld/build/Makefile&quot;  VERBOSE=1 &quot;$file&quot;"/>
					<Clean command="/usr/bin/make -j4 -f &quot;/home/rafik/flair/flair-src/demos/HelloWorld/build/Makefile&quot;  VERBOSE=1 clean"/>
					<DistClean command="/usr/bin/make -j4 -f &quot;/home/rafik/flair/flair-src/demos/HelloWorld/build/Makefile&quot;  VERBOSE=1 clean"/>
				</MakeCommands>
			</Target>
			<Target title="edit_cache">
				<Option working_dir="/home/rafik/flair/flair-src/demos/HelloWorld/build"/>
				<Option type="4"/>
				<MakeCommands>
					<Build command="/usr/bin/make -j4 -f &quot;/home/rafik/flair/flair-src/demos/HelloWorld/build/Makefile&quot;  VERBOSE=1 edit_cache"/>
					<CompileFile command="/usr/bin/make -j4 -f &quot;/home/rafik/flair/flair-src/demos/HelloWorld/build/Makefile&quot;  VERBOSE=1 &quot;$file&quot;"/>
					<Clean command="/usr/bin/make -j4 -f &quot;/home/rafik/flair/flair-src/demos/HelloWorld/build/Makefile&quot;  VERBOSE=1 clean"/>
					<DistClean command="/usr/bin/make -j4 -f &quot;/home/rafik/flair/flair-src/demos/HelloWorld/build/Makefile&quot;  VERBOSE=1 clean"/>
				</MakeCommands>
			</Target>
			<Target title="delivery">
				<Option working_dir="/home/rafik/flair/flair-src/demos/HelloWorld/build"/>
				<Option type="4"/>
				<MakeCommands>
					<Build command="/usr/bin/make -j4 -f &quot;/home/rafik/flair/flair-src/demos/HelloWorld/build/Makefile&quot;  VERBOSE=1 delivery"/>
					<CompileFile command="/usr/bin/make -j4 -f &quot;/home/rafik/flair/flair-src/demos/HelloWorld/build/Makefile&quot;  VERBOSE=1 &quot;$file&quot;"/>
					<Clean command="/usr/bin/make -j4 -f &quot;/home/rafik/flair/flair-src/demos/HelloWorld/build/Makefile&quot;  VERBOSE=1 clean"/>
					<DistClean command="/usr/bin/make -j4 -f &quot;/home/rafik/flair/flair-src/demos/HelloWorld/build/Makefile&quot;  VERBOSE=1 clean"/>
				</MakeCommands>
			</Target>
			<Target title="HelloWorld">
				<Option output="/home/rafik/flair/flair-src/demos/HelloWorld/build/bin/HelloWorld" prefix_auto="0" extension_auto="0"/>
				<Option working_dir="/home/rafik/flair/flair-src/demos/HelloWorld/build/bin"/>
				<Option object_output="./"/>
				<Option type="1"/>
				<Option compiler="gcc"/>
				<Compiler>
					<Add directory="/opt/robomap3/1.7.3/core2-64/sysroots/core2-64-poky-linux/usr/include/c++/4.9.1"/>
					<Add directory="/opt/robomap3/1.7.3/core2-64/sysroots/core2-64-poky-linux/usr/include/c++/4.9.1/x86_64-poky-linux"/>
					<Add directory="/opt/robomap3/1.7.3/core2-64/sysroots/core2-64-poky-linux/usr/include/c++/4.9.1/backward"/>
					<Add directory="/opt/robomap3/1.7.3/core2-64/sysroots/x86_64-pokysdk-linux/usr/lib/x86_64-poky-linux/gcc/x86_64-poky-linux/4.9.1/include"/>
					<Add directory="/opt/robomap3/1.7.3/core2-64/sysroots/x86_64-pokysdk-linux/usr/lib/x86_64-poky-linux/gcc/x86_64-poky-linux/4.9.1/include-fixed"/>
					<Add directory="/opt/robomap3/1.7.3/core2-64/sysroots/core2-64-poky-linux/usr/include"/>
				</Compiler>
				<MakeCommands>
					<Build command="/usr/bin/make -j4 -f &quot;/home/rafik/flair/flair-src/demos/HelloWorld/build/Makefile&quot;  VERBOSE=1 HelloWorld"/>
					<CompileFile command="/usr/bin/make -j4 -f &quot;/home/rafik/flair/flair-src/demos/HelloWorld/build/Makefile&quot;  VERBOSE=1 &quot;$file&quot;"/>
					<Clean command="/usr/bin/make -j4 -f &quot;/home/rafik/flair/flair-src/demos/HelloWorld/build/Makefile&quot;  VERBOSE=1 clean"/>
					<DistClean command="/usr/bin/make -j4 -f &quot;/home/rafik/flair/flair-src/demos/HelloWorld/build/Makefile&quot;  VERBOSE=1 clean"/>
				</MakeCommands>
			</Target>
			<Target title="HelloWorld/fast">
				<Option output="/home/rafik/flair/flair-src/demos/HelloWorld/build/bin/HelloWorld" prefix_auto="0" extension_auto="0"/>
				<Option working_dir="/home/rafik/flair/flair-src/demos/HelloWorld/build/bin"/>
				<Option object_output="./"/>
				<Option type="1"/>
				<Option compiler="gcc"/>
				<Compiler>
					<Add directory="/opt/robomap3/1.7.3/core2-64/sysroots/core2-64-poky-linux/usr/include/c++/4.9.1"/>
					<Add directory="/opt/robomap3/1.7.3/core2-64/sysroots/core2-64-poky-linux/usr/include/c++/4.9.1/x86_64-poky-linux"/>
					<Add directory="/opt/robomap3/1.7.3/core2-64/sysroots/core2-64-poky-linux/usr/include/c++/4.9.1/backward"/>
					<Add directory="/opt/robomap3/1.7.3/core2-64/sysroots/x86_64-pokysdk-linux/usr/lib/x86_64-poky-linux/gcc/x86_64-poky-linux/4.9.1/include"/>
					<Add directory="/opt/robomap3/1.7.3/core2-64/sysroots/x86_64-pokysdk-linux/usr/lib/x86_64-poky-linux/gcc/x86_64-poky-linux/4.9.1/include-fixed"/>
					<Add directory="/opt/robomap3/1.7.3/core2-64/sysroots/core2-64-poky-linux/usr/include"/>
				</Compiler>
				<MakeCommands>
					<Build command="/usr/bin/make -j4 -f &quot;/home/rafik/flair/flair-src/demos/HelloWorld/build/Makefile&quot;  VERBOSE=1 HelloWorld/fast"/>
					<CompileFile command="/usr/bin/make -j4 -f &quot;/home/rafik/flair/flair-src/demos/HelloWorld/build/Makefile&quot;  VERBOSE=1 &quot;$file&quot;"/>
					<Clean command="/usr/bin/make -j4 -f &quot;/home/rafik/flair/flair-src/demos/HelloWorld/build/Makefile&quot;  VERBOSE=1 clean"/>
					<DistClean command="/usr/bin/make -j4 -f &quot;/home/rafik/flair/flair-src/demos/HelloWorld/build/Makefile&quot;  VERBOSE=1 clean"/>
				</MakeCommands>
			</Target>
		</Build>
		<Unit filename="/home/rafik/flair/flair-src/demos/HelloWorld/src/main.c">
			<Option target="HelloWorld"/>
		</Unit>
		<Unit filename="/home/rafik/flair/flair-src/demos/HelloWorld/CMakeLists.txt">
			<Option virtualFolder="CMake Files\"/>
		</Unit>
		<Unit filename="/home/rafik/flair/flair-src/demos/HelloWorld/../../../../../../opt/robomap3/1.7.3/core2-64/toolchain.cmake">
			<Option virtualFolder="CMake Files\..\..\..\..\..\..\opt\robomap3\1.7.3\core2-64\"/>
		</Unit>
		<Unit filename="/home/rafik/flair/flair-src/demos/HelloWorld/../../../../../../opt/robomap3/1.7.3/core2-64/toolchain.cmake">
			<Option virtualFolder="CMake Files\..\..\..\..\..\..\opt\robomap3\1.7.3\core2-64\"/>
		</Unit>
	</Project>
</CodeBlocks_project_file>
